// !$*UTF8*$!
{
	archiveVersion = 1;
	classes = {
	};
	objectVersion = 46;
	objects = {

/* Begin PBXBuildFile section */
		25932D071C4145A800AEE7D1 /* MainViewController.swift in Sources */ = {isa = PBXBuildFile; fileRef = 25932D021C4145A800AEE7D1 /* MainViewController.swift */; };
		25932D081C4145A800AEE7D1 /* LearningUIkitApp.xcdatamodeld in Sources */ = {isa = PBXBuildFile; fileRef = 25932D041C4145A800AEE7D1 /* LearningUIkitApp.xcdatamodeld */; };
		25932D0C1C41476B00AEE7D1 /* ShowUIViewController.swift in Sources */ = {isa = PBXBuildFile; fileRef = 25932D0B1C41476B00AEE7D1 /* ShowUIViewController.swift */; };
		25932D101C414EBF00AEE7D1 /* LaunchScreen.storyboard in Resources */ = {isa = PBXBuildFile; fileRef = 25932D0E1C414EBF00AEE7D1 /* LaunchScreen.storyboard */; };
		25932D121C43C3CE00AEE7D1 /* ShowUIScrollViewController.swift in Sources */ = {isa = PBXBuildFile; fileRef = 25932D111C43C3CE00AEE7D1 /* ShowUIScrollViewController.swift */; };
		25A82E351C3E7F530089ACFE /* AppDelegate.swift in Sources */ = {isa = PBXBuildFile; fileRef = 25A82E341C3E7F530089ACFE /* AppDelegate.swift */; };
		25A82E3F1C3E7F530089ACFE /* Assets.xcassets in Resources */ = {isa = PBXBuildFile; fileRef = 25A82E3E1C3E7F530089ACFE /* Assets.xcassets */; };
		25A82E4D1C3E7F530089ACFE /* LearningUIkitAppTests.swift in Sources */ = {isa = PBXBuildFile; fileRef = 25A82E4C1C3E7F530089ACFE /* LearningUIkitAppTests.swift */; };
		25A82E581C3E7F530089ACFE /* LearningUIkitAppUITests.swift in Sources */ = {isa = PBXBuildFile; fileRef = 25A82E571C3E7F530089ACFE /* LearningUIkitAppUITests.swift */; };
		25D40CC51CA1242600E0C355 /* ShowUICollectionViewController.swift in Sources */ = {isa = PBXBuildFile; fileRef = 25D40CC41CA1242600E0C355 /* ShowUICollectionViewController.swift */; };
		B4E16ADDBDC34F3E3BEF9D4A /* Pods_LearningUIkitApp.framework in Frameworks */ = {isa = PBXBuildFile; fileRef = 9FF64AEB0250D748B735BE5F /* Pods_LearningUIkitApp.framework */; };
/* End PBXBuildFile section */

/* Begin PBXContainerItemProxy section */
		25A82E491C3E7F530089ACFE /* PBXContainerItemProxy */ = {
			isa = PBXContainerItemProxy;
			containerPortal = 25A82E291C3E7F530089ACFE /* Project object */;
			proxyType = 1;
			remoteGlobalIDString = 25A82E301C3E7F530089ACFE;
			remoteInfo = LearningUIkitApp;
		};
		25A82E541C3E7F530089ACFE /* PBXContainerItemProxy */ = {
			isa = PBXContainerItemProxy;
			containerPortal = 25A82E291C3E7F530089ACFE /* Project object */;
			proxyType = 1;
			remoteGlobalIDString = 25A82E301C3E7F530089ACFE;
			remoteInfo = LearningUIkitApp;
		};
/* End PBXContainerItemProxy section */

/* Begin PBXFileReference section */
		25932D021C4145A800AEE7D1 /* MainViewController.swift */ = {isa = PBXFileReference; fileEncoding = 4; lastKnownFileType = sourcecode.swift; path = MainViewController.swift; sourceTree = "<group>"; };
		25932D051C4145A800AEE7D1 /* LearningUIkitApp.xcdatamodel */ = {isa = PBXFileReference; lastKnownFileType = wrapper.xcdatamodel; path = LearningUIkitApp.xcdatamodel; sourceTree = "<group>"; };
		25932D091C4145B700AEE7D1 /* Info.plist */ = {isa = PBXFileReference; fileEncoding = 4; lastKnownFileType = text.plist.xml; path = Info.plist; sourceTree = "<group>"; };
		25932D0B1C41476B00AEE7D1 /* ShowUIViewController.swift */ = {isa = PBXFileReference; fileEncoding = 4; lastKnownFileType = sourcecode.swift; path = ShowUIViewController.swift; sourceTree = "<group>"; };
		25932D0F1C414EBF00AEE7D1 /* Base */ = {isa = PBXFileReference; lastKnownFileType = file.storyboard; name = Base; path = LaunchScreen.storyboard; sourceTree = "<group>"; };
		25932D111C43C3CE00AEE7D1 /* ShowUIScrollViewController.swift */ = {isa = PBXFileReference; fileEncoding = 4; lastKnownFileType = sourcecode.swift; path = ShowUIScrollViewController.swift; sourceTree = "<group>"; };
		25A82E311C3E7F530089ACFE /* LearningUIkitApp.app */ = {isa = PBXFileReference; explicitFileType = wrapper.application; includeInIndex = 0; path = LearningUIkitApp.app; sourceTree = BUILT_PRODUCTS_DIR; };
		25A82E341C3E7F530089ACFE /* AppDelegate.swift */ = {isa = PBXFileReference; lastKnownFileType = sourcecode.swift; path = AppDelegate.swift; sourceTree = "<group>"; };
		25A82E3E1C3E7F530089ACFE /* Assets.xcassets */ = {isa = PBXFileReference; lastKnownFileType = folder.assetcatalog; path = Assets.xcassets; sourceTree = "<group>"; };
		25A82E481C3E7F530089ACFE /* LearningUIkitAppTests.xctest */ = {isa = PBXFileReference; explicitFileType = wrapper.cfbundle; includeInIndex = 0; path = LearningUIkitAppTests.xctest; sourceTree = BUILT_PRODUCTS_DIR; };
		25A82E4C1C3E7F530089ACFE /* LearningUIkitAppTests.swift */ = {isa = PBXFileReference; lastKnownFileType = sourcecode.swift; path = LearningUIkitAppTests.swift; sourceTree = "<group>"; };
		25A82E4E1C3E7F530089ACFE /* Info.plist */ = {isa = PBXFileReference; lastKnownFileType = text.plist.xml; path = Info.plist; sourceTree = "<group>"; };
		25A82E531C3E7F530089ACFE /* LearningUIkitAppUITests.xctest */ = {isa = PBXFileReference; explicitFileType = wrapper.cfbundle; includeInIndex = 0; path = LearningUIkitAppUITests.xctest; sourceTree = BUILT_PRODUCTS_DIR; };
		25A82E571C3E7F530089ACFE /* LearningUIkitAppUITests.swift */ = {isa = PBXFileReference; lastKnownFileType = sourcecode.swift; path = LearningUIkitAppUITests.swift; sourceTree = "<group>"; };
		25A82E591C3E7F530089ACFE /* Info.plist */ = {isa = PBXFileReference; lastKnownFileType = text.plist.xml; path = Info.plist; sourceTree = "<group>"; };
		25D40CC41CA1242600E0C355 /* ShowUICollectionViewController.swift */ = {isa = PBXFileReference; fileEncoding = 4; lastKnownFileType = sourcecode.swift; path = ShowUICollectionViewController.swift; sourceTree = "<group>"; };
		27D6C3C390BF11D1D7D69EB4 /* Pods-LearningUIkitApp.debug.xcconfig */ = {isa = PBXFileReference; includeInIndex = 1; lastKnownFileType = text.xcconfig; name = "Pods-LearningUIkitApp.debug.xcconfig"; path = "Pods/Target Support Files/Pods-LearningUIkitApp/Pods-LearningUIkitApp.debug.xcconfig"; sourceTree = "<group>"; };
		9FF64AEB0250D748B735BE5F /* Pods_LearningUIkitApp.framework */ = {isa = PBXFileReference; explicitFileType = wrapper.framework; includeInIndex = 0; path = Pods_LearningUIkitApp.framework; sourceTree = BUILT_PRODUCTS_DIR; };
		D7FDAF1122B19436017DF8B0 /* Pods-LearningUIkitApp.release.xcconfig */ = {isa = PBXFileReference; includeInIndex = 1; lastKnownFileType = text.xcconfig; name = "Pods-LearningUIkitApp.release.xcconfig"; path = "Pods/Target Support Files/Pods-LearningUIkitApp/Pods-LearningUIkitApp.release.xcconfig"; sourceTree = "<group>"; };
/* End PBXFileReference section */

/* Begin PBXFrameworksBuildPhase section */
		25A82E2E1C3E7F530089ACFE /* Frameworks */ = {
			isa = PBXFrameworksBuildPhase;
			buildActionMask = 2147483647;
			files = (
				B4E16ADDBDC34F3E3BEF9D4A /* Pods_LearningUIkitApp.framework in Frameworks */,
			);
			runOnlyForDeploymentPostprocessing = 0;
		};
		25A82E451C3E7F530089ACFE /* Frameworks */ = {
			isa = PBXFrameworksBuildPhase;
			buildActionMask = 2147483647;
			files = (
			);
			runOnlyForDeploymentPostprocessing = 0;
		};
		25A82E501C3E7F530089ACFE /* Frameworks */ = {
			isa = PBXFrameworksBuildPhase;
			buildActionMask = 2147483647;
			files = (
			);
			runOnlyForDeploymentPostprocessing = 0;
		};
/* End PBXFrameworksBuildPhase section */

/* Begin PBXGroup section */
		25932D011C4145A800AEE7D1 /* Controllers */ = {
			isa = PBXGroup;
			children = (
				25D40CC41CA1242600E0C355 /* ShowUICollectionViewController.swift */,
				25932D021C4145A800AEE7D1 /* MainViewController.swift */,
				25932D111C43C3CE00AEE7D1 /* ShowUIScrollViewController.swift */,
				25932D0B1C41476B00AEE7D1 /* ShowUIViewController.swift */,
			);
			path = Controllers;
			sourceTree = "<group>";
		};
		25932D031C4145A800AEE7D1 /* Models */ = {
			isa = PBXGroup;
			children = (
				25932D041C4145A800AEE7D1 /* LearningUIkitApp.xcdatamodeld */,
			);
			path = Models;
			sourceTree = "<group>";
		};
		25932D061C4145A800AEE7D1 /* Views */ = {
			isa = PBXGroup;
			children = (
			);
			path = Views;
			sourceTree = "<group>";
		};
		25932D0D1C414EBF00AEE7D1 /* Base.lproj */ = {
			isa = PBXGroup;
			children = (
				25932D0E1C414EBF00AEE7D1 /* LaunchScreen.storyboard */,
			);
			path = Base.lproj;
			sourceTree = "<group>";
		};
		25A82E281C3E7F530089ACFE = {
			isa = PBXGroup;
			children = (
				25A82E331C3E7F530089ACFE /* LearningUIkitApp */,
				25A82E4B1C3E7F530089ACFE /* LearningUIkitAppTests */,
				25A82E561C3E7F530089ACFE /* LearningUIkitAppUITests */,
				25A82E321C3E7F530089ACFE /* Products */,
				D163F06203565144534D6CAF /* Pods */,
				A88493F20DB1FF7EBBCDB7B0 /* Frameworks */,
			);
			sourceTree = "<group>";
		};
		25A82E321C3E7F530089ACFE /* Products */ = {
			isa = PBXGroup;
			children = (
				25A82E311C3E7F530089ACFE /* LearningUIkitApp.app */,
				25A82E481C3E7F530089ACFE /* LearningUIkitAppTests.xctest */,
				25A82E531C3E7F530089ACFE /* LearningUIkitAppUITests.xctest */,
			);
			name = Products;
			sourceTree = "<group>";
		};
		25A82E331C3E7F530089ACFE /* LearningUIkitApp */ = {
			isa = PBXGroup;
			children = (
				25932D091C4145B700AEE7D1 /* Info.plist */,
				25A82E341C3E7F530089ACFE /* AppDelegate.swift */,
				25932D011C4145A800AEE7D1 /* Controllers */,
				25932D031C4145A800AEE7D1 /* Models */,
				25932D061C4145A800AEE7D1 /* Views */,
				25932D0D1C414EBF00AEE7D1 /* Base.lproj */,
				25A82E3E1C3E7F530089ACFE /* Assets.xcassets */,
			);
			path = LearningUIkitApp;
			sourceTree = "<group>";
		};
		25A82E4B1C3E7F530089ACFE /* LearningUIkitAppTests */ = {
			isa = PBXGroup;
			children = (
				25A82E4C1C3E7F530089ACFE /* LearningUIkitAppTests.swift */,
				25A82E4E1C3E7F530089ACFE /* Info.plist */,
			);
			path = LearningUIkitAppTests;
			sourceTree = "<group>";
		};
		25A82E561C3E7F530089ACFE /* LearningUIkitAppUITests */ = {
			isa = PBXGroup;
			children = (
				25A82E571C3E7F530089ACFE /* LearningUIkitAppUITests.swift */,
				25A82E591C3E7F530089ACFE /* Info.plist */,
			);
			path = LearningUIkitAppUITests;
			sourceTree = "<group>";
		};
		A88493F20DB1FF7EBBCDB7B0 /* Frameworks */ = {
			isa = PBXGroup;
			children = (
				9FF64AEB0250D748B735BE5F /* Pods_LearningUIkitApp.framework */,
			);
			name = Frameworks;
			sourceTree = "<group>";
		};
		D163F06203565144534D6CAF /* Pods */ = {
			isa = PBXGroup;
			children = (
				27D6C3C390BF11D1D7D69EB4 /* Pods-LearningUIkitApp.debug.xcconfig */,
				D7FDAF1122B19436017DF8B0 /* Pods-LearningUIkitApp.release.xcconfig */,
			);
			name = Pods;
			sourceTree = "<group>";
		};
/* End PBXGroup section */

/* Begin PBXNativeTarget section */
		25A82E301C3E7F530089ACFE /* LearningUIkitApp */ = {
			isa = PBXNativeTarget;
			buildConfigurationList = 25A82E5C1C3E7F530089ACFE /* Build configuration list for PBXNativeTarget "LearningUIkitApp" */;
			buildPhases = (
				57AD8AA3CBA00AFF01B8043B /* Check Pods Manifest.lock */,
				25A82E2D1C3E7F530089ACFE /* Sources */,
				25A82E2E1C3E7F530089ACFE /* Frameworks */,
				25A82E2F1C3E7F530089ACFE /* Resources */,
				BC1945510405A8DB987B83E9 /* Embed Pods Frameworks */,
				AEB309862EBC9B075035FF8D /* Copy Pods Resources */,
			);
			buildRules = (
			);
			dependencies = (
			);
			name = LearningUIkitApp;
			productName = LearningUIkitApp;
			productReference = 25A82E311C3E7F530089ACFE /* LearningUIkitApp.app */;
			productType = "com.apple.product-type.application";
		};
		25A82E471C3E7F530089ACFE /* LearningUIkitAppTests */ = {
			isa = PBXNativeTarget;
			buildConfigurationList = 25A82E5F1C3E7F530089ACFE /* Build configuration list for PBXNativeTarget "LearningUIkitAppTests" */;
			buildPhases = (
				25A82E441C3E7F530089ACFE /* Sources */,
				25A82E451C3E7F530089ACFE /* Frameworks */,
				25A82E461C3E7F530089ACFE /* Resources */,
			);
			buildRules = (
			);
			dependencies = (
				25A82E4A1C3E7F530089ACFE /* PBXTargetDependency */,
			);
			name = LearningUIkitAppTests;
			productName = LearningUIkitAppTests;
			productReference = 25A82E481C3E7F530089ACFE /* LearningUIkitAppTests.xctest */;
			productType = "com.apple.product-type.bundle.unit-test";
		};
		25A82E521C3E7F530089ACFE /* LearningUIkitAppUITests */ = {
			isa = PBXNativeTarget;
			buildConfigurationList = 25A82E621C3E7F530089ACFE /* Build configuration list for PBXNativeTarget "LearningUIkitAppUITests" */;
			buildPhases = (
				25A82E4F1C3E7F530089ACFE /* Sources */,
				25A82E501C3E7F530089ACFE /* Frameworks */,
				25A82E511C3E7F530089ACFE /* Resources */,
			);
			buildRules = (
			);
			dependencies = (
				25A82E551C3E7F530089ACFE /* PBXTargetDependency */,
			);
			name = LearningUIkitAppUITests;
			productName = LearningUIkitAppUITests;
			productReference = 25A82E531C3E7F530089ACFE /* LearningUIkitAppUITests.xctest */;
			productType = "com.apple.product-type.bundle.ui-testing";
		};
/* End PBXNativeTarget section */

/* Begin PBXProject section */
		25A82E291C3E7F530089ACFE /* Project object */ = {
			isa = PBXProject;
			attributes = {
				LastSwiftUpdateCheck = 0710;
				LastUpgradeCheck = 0710;
				ORGANIZATIONNAME = "qian tao";
				TargetAttributes = {
					25A82E301C3E7F530089ACFE = {
						CreatedOnToolsVersion = 7.1.1;
						DevelopmentTeam = GEV9GFMZ3C;
					};
					25A82E471C3E7F530089ACFE = {
						CreatedOnToolsVersion = 7.1.1;
						DevelopmentTeam = GEV9GFMZ3C;
						TestTargetID = 25A82E301C3E7F530089ACFE;
					};
					25A82E521C3E7F530089ACFE = {
						CreatedOnToolsVersion = 7.1.1;
						DevelopmentTeam = GEV9GFMZ3C;
						TestTargetID = 25A82E301C3E7F530089ACFE;
					};
				};
			};
			buildConfigurationList = 25A82E2C1C3E7F530089ACFE /* Build configuration list for PBXProject "LearningUIkitApp" */;
			compatibilityVersion = "Xcode 3.2";
			developmentRegion = English;
			hasScannedForEncodings = 0;
			knownRegions = (
				en,
				Base,
			);
			mainGroup = 25A82E281C3E7F530089ACFE;
			productRefGroup = 25A82E321C3E7F530089ACFE /* Products */;
			projectDirPath = "";
			projectRoot = "";
			targets = (
				25A82E301C3E7F530089ACFE /* LearningUIkitApp */,
				25A82E471C3E7F530089ACFE /* LearningUIkitAppTests */,
				25A82E521C3E7F530089ACFE /* LearningUIkitAppUITests */,
			);
		};
/* End PBXProject section */

/* Begin PBXResourcesBuildPhase section */
		25A82E2F1C3E7F530089ACFE /* Resources */ = {
			isa = PBXResourcesBuildPhase;
			buildActionMask = 2147483647;
			files = (
				25A82E3F1C3E7F530089ACFE /* Assets.xcassets in Resources */,
				25932D101C414EBF00AEE7D1 /* LaunchScreen.storyboard in Resources */,
			);
			runOnlyForDeploymentPostprocessing = 0;
		};
		25A82E461C3E7F530089ACFE /* Resources */ = {
			isa = PBXResourcesBuildPhase;
			buildActionMask = 2147483647;
			files = (
			);
			runOnlyForDeploymentPostprocessing = 0;
		};
		25A82E511C3E7F530089ACFE /* Resources */ = {
			isa = PBXResourcesBuildPhase;
			buildActionMask = 2147483647;
			files = (
			);
			runOnlyForDeploymentPostprocessing = 0;
		};
/* End PBXResourcesBuildPhase section */

/* Begin PBXShellScriptBuildPhase section */
		57AD8AA3CBA00AFF01B8043B /* Check Pods Manifest.lock */ = {
			isa = PBXShellScriptBuildPhase;
			buildActionMask = 2147483647;
			files = (
			);
			inputPaths = (
			);
			name = "Check Pods Manifest.lock";
			outputPaths = (
			);
			runOnlyForDeploymentPostprocessing = 0;
			shellPath = /bin/sh;
			shellScript = "diff \"${PODS_ROOT}/../Podfile.lock\" \"${PODS_ROOT}/Manifest.lock\" > /dev/null\nif [[ $? != 0 ]] ; then\n    cat << EOM\nerror: The sandbox is not in sync with the Podfile.lock. Run 'pod install' or update your CocoaPods installation.\nEOM\n    exit 1\nfi\n";
			showEnvVarsInLog = 0;
		};
		AEB309862EBC9B075035FF8D /* Copy Pods Resources */ = {
			isa = PBXShellScriptBuildPhase;
			buildActionMask = 2147483647;
			files = (
			);
			inputPaths = (
			);
			name = "Copy Pods Resources";
			outputPaths = (
			);
			runOnlyForDeploymentPostprocessing = 0;
			shellPath = /bin/sh;
			shellScript = "\"${SRCROOT}/Pods/Target Support Files/Pods-LearningUIkitApp/Pods-LearningUIkitApp-resources.sh\"\n";
			showEnvVarsInLog = 0;
		};
		BC1945510405A8DB987B83E9 /* Embed Pods Frameworks */ = {
			isa = PBXShellScriptBuildPhase;
			buildActionMask = 2147483647;
			files = (
			);
			inputPaths = (
			);
			name = "Embed Pods Frameworks";
			outputPaths = (
			);
			runOnlyForDeploymentPostprocessing = 0;
			shellPath = /bin/sh;
			shellScript = "\"${SRCROOT}/Pods/Target Support Files/Pods-LearningUIkitApp/Pods-LearningUIkitApp-frameworks.sh\"\n";
			showEnvVarsInLog = 0;
		};
/* End PBXShellScriptBuildPhase section */

/* Begin PBXSourcesBuildPhase section */
		25A82E2D1C3E7F530089ACFE /* Sources */ = {
			isa = PBXSourcesBuildPhase;
			buildActionMask = 2147483647;
			files = (
				25932D081C4145A800AEE7D1 /* LearningUIkitApp.xcdatamodeld in Sources */,
				25A82E351C3E7F530089ACFE /* AppDelegate.swift in Sources */,
				25932D071C4145A800AEE7D1 /* MainViewController.swift in Sources */,
				25932D0C1C41476B00AEE7D1 /* ShowUIViewController.swift in Sources */,
				25932D121C43C3CE00AEE7D1 /* ShowUIScrollViewController.swift in Sources */,
				25D40CC51CA1242600E0C355 /* ShowUICollectionViewController.swift in Sources */,
			);
			runOnlyForDeploymentPostprocessing = 0;
		};
		25A82E441C3E7F530089ACFE /* Sources */ = {
			isa = PBXSourcesBuildPhase;
			buildActionMask = 2147483647;
			files = (
				25A82E4D1C3E7F530089ACFE /* LearningUIkitAppTests.swift in Sources */,
			);
			runOnlyForDeploymentPostprocessing = 0;
		};
		25A82E4F1C3E7F530089ACFE /* Sources */ = {
			isa = PBXSourcesBuildPhase;
			buildActionMask = 2147483647;
			files = (
				25A82E581C3E7F530089ACFE /* LearningUIkitAppUITests.swift in Sources */,
			);
			runOnlyForDeploymentPostprocessing = 0;
		};
/* End PBXSourcesBuildPhase section */

/* Begin PBXTargetDependency section */
		25A82E4A1C3E7F530089ACFE /* PBXTargetDependency */ = {
			isa = PBXTargetDependency;
			target = 25A82E301C3E7F530089ACFE /* LearningUIkitApp */;
			targetProxy = 25A82E491C3E7F530089ACFE /* PBXContainerItemProxy */;
		};
		25A82E551C3E7F530089ACFE /* PBXTargetDependency */ = {
			isa = PBXTargetDependency;
			target = 25A82E301C3E7F530089ACFE /* LearningUIkitApp */;
			targetProxy = 25A82E541C3E7F530089ACFE /* PBXContainerItemProxy */;
		};
/* End PBXTargetDependency section */

/* Begin PBXVariantGroup section */
		25932D0E1C414EBF00AEE7D1 /* LaunchScreen.storyboard */ = {
			isa = PBXVariantGroup;
			children = (
				25932D0F1C414EBF00AEE7D1 /* Base */,
			);
			name = LaunchScreen.storyboard;
			sourceTree = "<group>";
		};
/* End PBXVariantGroup section */

/* Begin XCBuildConfiguration section */
		25A82E5A1C3E7F530089ACFE /* Debug */ = {
			isa = XCBuildConfiguration;
			buildSettings = {
				ALWAYS_SEARCH_USER_PATHS = NO;
				CLANG_CXX_LANGUAGE_STANDARD = "gnu++0x";
				CLANG_CXX_LIBRARY = "libc++";
				CLANG_ENABLE_MODULES = YES;
				CLANG_ENABLE_OBJC_ARC = YES;
				CLANG_WARN_BOOL_CONVERSION = YES;
				CLANG_WARN_CONSTANT_CONVERSION = YES;
				CLANG_WARN_DIRECT_OBJC_ISA_USAGE = YES_ERROR;
				CLANG_WARN_EMPTY_BODY = YES;
				CLANG_WARN_ENUM_CONVERSION = YES;
				CLANG_WARN_INT_CONVERSION = YES;
				CLANG_WARN_OBJC_ROOT_CLASS = YES_ERROR;
				CLANG_WARN_UNREACHABLE_CODE = YES;
				CLANG_WARN__DUPLICATE_METHOD_MATCH = YES;
				"CODE_SIGN_IDENTITY[sdk=iphoneos*]" = "iPhone Developer";
				COPY_PHASE_STRIP = NO;
				DEBUG_INFORMATION_FORMAT = dwarf;
				ENABLE_STRICT_OBJC_MSGSEND = YES;
				ENABLE_TESTABILITY = YES;
				GCC_C_LANGUAGE_STANDARD = gnu99;
				GCC_DYNAMIC_NO_PIC = NO;
				GCC_NO_COMMON_BLOCKS = YES;
				GCC_OPTIMIZATION_LEVEL = 0;
				GCC_PREPROCESSOR_DEFINITIONS = (
					"DEBUG=1",
					"$(inherited)",
				);
				GCC_WARN_64_TO_32_BIT_CONVERSION = YES;
				GCC_WARN_ABOUT_RETURN_TYPE = YES_ERROR;
				GCC_WARN_UNDECLARED_SELECTOR = YES;
				GCC_WARN_UNINITIALIZED_AUTOS = YES_AGGRESSIVE;
				GCC_WARN_UNUSED_FUNCTION = YES;
				GCC_WARN_UNUSED_VARIABLE = YES;
				IPHONEOS_DEPLOYMENT_TARGET = 9.1;
				MTL_ENABLE_DEBUG_INFO = YES;
				ONLY_ACTIVE_ARCH = YES;
				SDKROOT = iphoneos;
				SWIFT_OPTIMIZATION_LEVEL = "-Onone";
				TARGETED_DEVICE_FAMILY = "1,2";
			};
			name = Debug;
		};
		25A82E5B1C3E7F530089ACFE /* Release */ = {
			isa = XCBuildConfiguration;
			buildSettings = {
				ALWAYS_SEARCH_USER_PATHS = NO;
				CLANG_CXX_LANGUAGE_STANDARD = "gnu++0x";
				CLANG_CXX_LIBRARY = "libc++";
				CLANG_ENABLE_MODULES = YES;
				CLANG_ENABLE_OBJC_ARC = YES;
				CLANG_WARN_BOOL_CONVERSION = YES;
				CLANG_WARN_CONSTANT_CONVERSION = YES;
				CLANG_WARN_DIRECT_OBJC_ISA_USAGE = YES_ERROR;
				CLANG_WARN_EMPTY_BODY = YES;
				CLANG_WARN_ENUM_CONVERSION = YES;
				CLANG_WARN_INT_CONVERSION = YES;
				CLANG_WARN_OBJC_ROOT_CLASS = YES_ERROR;
				CLANG_WARN_UNREACHABLE_CODE = YES;
				CLANG_WARN__DUPLICATE_METHOD_MATCH = YES;
				"CODE_SIGN_IDENTITY[sdk=iphoneos*]" = "iPhone Developer";
				COPY_PHASE_STRIP = NO;
				DEBUG_INFORMATION_FORMAT = "dwarf-with-dsym";
				ENABLE_NS_ASSERTIONS = NO;
				ENABLE_STRICT_OBJC_MSGSEND = YES;
				GCC_C_LANGUAGE_STANDARD = gnu99;
				GCC_NO_COMMON_BLOCKS = YES;
				GCC_WARN_64_TO_32_BIT_CONVERSION = YES;
				GCC_WARN_ABOUT_RETURN_TYPE = YES_ERROR;
				GCC_WARN_UNDECLARED_SELECTOR = YES;
				GCC_WARN_UNINITIALIZED_AUTOS = YES_AGGRESSIVE;
				GCC_WARN_UNUSED_FUNCTION = YES;
				GCC_WARN_UNUSED_VARIABLE = YES;
				IPHONEOS_DEPLOYMENT_TARGET = 9.1;
				MTL_ENABLE_DEBUG_INFO = NO;
				SDKROOT = iphoneos;
				TARGETED_DEVICE_FAMILY = "1,2";
				VALIDATE_PRODUCT = YES;
			};
			name = Release;
		};
		25A82E5D1C3E7F530089ACFE /* Debug */ = {
			isa = XCBuildConfiguration;
			baseConfigurationReference = 27D6C3C390BF11D1D7D69EB4 /* Pods-LearningUIkitApp.debug.xcconfig */;
			buildSettings = {
				ASSETCATALOG_COMPILER_APPICON_NAME = AppIcon;
				INFOPLIST_FILE = LearningUIkitApp/Info.plist;
				LD_RUNPATH_SEARCH_PATHS = "$(inherited) @executable_path/Frameworks";
				PRODUCT_BUNDLE_IDENTIFIER = com.qt.LearningUIkitApp;
				PRODUCT_NAME = "$(TARGET_NAME)";
			};
			name = Debug;
		};
		25A82E5E1C3E7F530089ACFE /* Release */ = {
			isa = XCBuildConfiguration;
			baseConfigurationReference = D7FDAF1122B19436017DF8B0 /* Pods-LearningUIkitApp.release.xcconfig */;
			buildSettings = {
				ASSETCATALOG_COMPILER_APPICON_NAME = AppIcon;
				INFOPLIST_FILE = LearningUIkitApp/Info.plist;
				LD_RUNPATH_SEARCH_PATHS = "$(inherited) @executable_path/Frameworks";
				PRODUCT_BUNDLE_IDENTIFIER = com.qt.LearningUIkitApp;
				PRODUCT_NAME = "$(TARGET_NAME)";
			};
			name = Release;
		};
		25A82E601C3E7F530089ACFE /* Debug */ = {
			isa = XCBuildConfiguration;
			buildSettings = {
				BUNDLE_LOADER = "$(TEST_HOST)";
				INFOPLIST_FILE = LearningUIkitAppTests/Info.plist;
				LD_RUNPATH_SEARCH_PATHS = "$(inherited) @executable_path/Frameworks @loader_path/Frameworks";
				PRODUCT_BUNDLE_IDENTIFIER = com.qt.LearningUIkitAppTests;
				PRODUCT_NAME = "$(TARGET_NAME)";
				TEST_HOST = "$(BUILT_PRODUCTS_DIR)/LearningUIkitApp.app/LearningUIkitApp";
			};
			name = Debug;
		};
		25A82E611C3E7F530089ACFE /* Release */ = {
			isa = XCBuildConfiguration;
			buildSettings = {
				BUNDLE_LOADER = "$(TEST_HOST)";
				INFOPLIST_FILE = LearningUIkitAppTests/Info.plist;
				LD_RUNPATH_SEARCH_PATHS = "$(inherited) @executable_path/Frameworks @loader_path/Frameworks";
				PRODUCT_BUNDLE_IDENTIFIER = com.qt.LearningUIkitAppTests;
				PRODUCT_NAME = "$(TARGET_NAME)";
				TEST_HOST = "$(BUILT_PRODUCTS_DIR)/LearningUIkitApp.app/LearningUIkitApp";
			};
			name = Release;
		};
		25A82E631C3E7F530089ACFE /* Debug */ = {
			isa = XCBuildConfiguration;
			buildSettings = {
				INFOPLIST_FILE = LearningUIkitAppUITests/Info.plist;
				LD_RUNPATH_SEARCH_PATHS = "$(inherited) @executable_path/Frameworks @loader_path/Frameworks";
				PRODUCT_BUNDLE_IDENTIFIER = com.qt.LearningUIkitAppUITests;
				PRODUCT_NAME = "$(TARGET_NAME)";
				TEST_TARGET_NAME = LearningUIkitApp;
				USES_XCTRUNNER = YES;
			};
			name = Debug;
		};
		25A82E641C3E7F530089ACFE /* Release */ = {
			isa = XCBuildConfiguration;
			buildSettings = {
				INFOPLIST_FILE = LearningUIkitAppUITests/Info.plist;
				LD_RUNPATH_SEARCH_PATHS = "$(inherited) @executable_path/Frameworks @loader_path/Frameworks";
				PRODUCT_BUNDLE_IDENTIFIER = com.qt.LearningUIkitAppUITests;
				PRODUCT_NAME = "$(TARGET_NAME)";
				TEST_TARGET_NAME = LearningUIkitApp;
				USES_XCTRUNNER = YES;
			};
			name = Release;
		};
/* End XCBuildConfiguration section */

/* Begin XCConfigurationList section */
		25A82E2C1C3E7F530089ACFE /* Build configuration list for PBXProject "LearningUIkitApp" */ = {
			isa = XCConfigurationList;
			buildConfigurations = (
				25A82E5A1C3E7F530089ACFE /* Debug */,
				25A82E5B1C3E7F530089ACFE /* Release */,
			);
			defaultConfigurationIsVisible = 0;
			defaultConfigurationName = Release;
		};
		25A82E5C1C3E7F530089ACFE /* Build configuration list for PBXNativeTarget "LearningUIkitApp" */ = {
			isa = XCConfigurationList;
			buildConfigurations = (
				25A82E5D1C3E7F530089ACFE /* Debug */,
				25A82E5E1C3E7F530089ACFE /* Release */,
			);
			defaultConfigurationIsVisible = 0;
			defaultConfigurationName = Release;
		};
		25A82E5F1C3E7F530089ACFE /* Build configuration list for PBXNativeTarget "LearningUIkitAppTests" */ = {
			isa = XCConfigurationList;
			buildConfigurations = (
				25A82E601C3E7F530089ACFE /* Debug */,
				25A82E611C3E7F530089ACFE /* Release */,
			);
			defaultConfigurationIsVisible = 0;
			defaultConfigurationName = Release;
		};
		25A82E621C3E7F530089ACFE /* Build configuration list for PBXNativeTarget "LearningUIkitAppUITests" */ = {
			isa = XCConfigurationList;
			buildConfigurations = (
				25A82E631C3E7F530089ACFE /* Debug */,
				25A82E641C3E7F530089ACFE /* Release */,
			);
			defaultConfigurationIsVisible = 0;
			defaultConfigurationName = Release;
		};
/* End XCConfigurationList section */

/* Begin XCVersionGroup section */
		25932D041C4145A800AEE7D1 /* LearningUIkitApp.xcdatamodeld */ = {
			isa = XCVersionGroup;
			children = (
				25932D051C4145A800AEE7D1 /* LearningUIkitApp.xcdatamodel */,
			);
			currentVersion = 25932D051C4145A800AEE7D1 /* LearningUIkitApp.xcdatamodel */;
			path = LearningUIkitApp.xcdatamodeld;
			sourceTree = "<group>";
			versionGroupType = wrapper.xcdatamodel;
		};
/* End XCVersionGroup section */
	};
	rootObject = 25A82E291C3E7F530089ACFE /* Project object */;
}
